
Microsoft Visual Studio Solution File, Format Version 12.00
# Visual Studio Version 17
VisualStudioVersion = 17.8.34511.84
MinimumVisualStudioVersion = 10.0.40219.1
Project("{FAE04EC0-301F-11D3-BF4B-00C04F79EFBC}") = "projetodot1", "projetodot1.csproj", "{0AB4AD91-2607-4F67-BB6E-A73F350284C2}"
EndProject
Global
	GlobalSection(SolutionConfigurationPlatforms) = preSolution
		Debug|Any CPU = Debug|Any CPU
		Release|Any CPU = Release|Any CPU
	EndGlobalSection
	GlobalSection(ProjectConfigurationPlatforms) = postSolution
		{0AB4AD91-2607-4F67-BB6E-A73F350284C2}.Debug|Any CPU.ActiveCfg = Debug|Any CPU
		{0AB4AD91-2607-4F67-BB6E-A73F350284C2}.Debug|Any CPU.Build.0 = Debug|Any CPU
		{0AB4AD91-2607-4F67-BB6E-A73F350284C2}.Release|Any CPU.ActiveCfg = Release|Any CPU
		{0AB4AD91-2607-4F67-BB6E-A73F350284C2}.Release|Any CPU.Build.0 = Release|Any CPU
	EndGlobalSection
	GlobalSection(SolutionProperties) = preSolution
		HideSolutionNode = FALSE
	EndGlobalSection
	GlobalSection(ExtensibilityGlobals) = postSolution
		SolutionGuid = {C2ECCFEF-0003-425B-836D-5323F8EA06F7}
	EndGlobalSection
EndGlobal
